# This file is automatically @generated by Poetry 2.2.1 and should not be changed by hand.

[[package]]
name = "cowsay"
version = "6.1"
description = "The famous cowsay for GNU/Linux is now available for python"
optional = false
python-versions = ">=3.8"
groups = ["main"]
files = [
    {file = "cowsay-6.1-py3-none-any.whl", hash = "sha256:274b1e6fc1b966d53976333eb90ac94cb07a450a700b455af9fbdf882244b30a"},
]

[metadata]
lock-version = "2.1"
python-versions = "^3.10"
content-hash = "43b8b4ac80bf0575452b07458c689c1dc6768338b7fc1bafb14c4d70b83468e4"
